
Microsoft Visual Studio Solution File, Format Version 12.00
# Visual Studio Version 17
VisualStudioVersion = 17.2.32505.173
MinimumVisualStudioVersion = 10.0.40219.1
Project("{D954291E-2A0B-460D-934E-DC6B0785DB48}") = "MoneySaver.Shared", "MoneySaver\MoneySaver.Shared\MoneySaver.Shared.shproj", "{6279C845-92F8-4333-AB99-3D213163593C}"
EndProject
Project("{2150E333-8FDC-42A3-9474-1A3956D46DE8}") = "Platforms", "Platforms", "{3263BF65-CD88-4DAF-A8B1-0C4038B592AF}"
EndProject
Project("{9A19103F-16F7-4668-BE54-9A1E7A4F7556}") = "MoneySaver.Mobile", "MoneySaver\MoneySaver.Mobile\MoneySaver.Mobile.csproj", "{CBD051EE-D534-40AC-BE99-4F2FBB69EBC1}"
EndProject
Project("{FAE04EC0-301F-11D3-BF4B-00C04F79EFBC}") = "MoneySaver.UWP", "MoneySaver\MoneySaver.UWP\MoneySaver.UWP.csproj", "{51E673B8-858F-4F82-9FE4-5E58A6BD9784}"
EndProject
Project("{9A19103F-16F7-4668-BE54-9A1E7A4F7556}") = "MoneySaver.Wasm", "MoneySaver\MoneySaver.Wasm\MoneySaver.Wasm.csproj", "{2F52AF3E-030A-4F1C-A725-EB81DF48FCAB}"
EndProject
Project("{9A19103F-16F7-4668-BE54-9A1E7A4F7556}") = "MoneySaver.Skia.Wpf.Host", "MoneySaver\MoneySaver.Skia.Wpf.Host\MoneySaver.Skia.Wpf.Host.csproj", "{27DE8F60-6E97-42C1-A143-E22D47026647}"
EndProject
Project("{9A19103F-16F7-4668-BE54-9A1E7A4F7556}") = "MoneySaver.Skia.Wpf", "MoneySaver\MoneySaver.Skia.Wpf\MoneySaver.Skia.Wpf.csproj", "{C73408C5-FBE6-4591-854C-EFCB67F62FF5}"
EndProject
Project("{9A19103F-16F7-4668-BE54-9A1E7A4F7556}") = "MoneySaver.Skia.Gtk", "MoneySaver\MoneySaver.Skia.Gtk\MoneySaver.Skia.Gtk.csproj", "{34873075-5EBC-4B9E-A816-5AAFC9B01585}"
EndProject
Project("{9A19103F-16F7-4668-BE54-9A1E7A4F7556}") = "WebApi", "WebApi\WebApi.csproj", "{B7C00415-55C7-4E6E-B1DA-A1115E4441F0}"
EndProject
Project("{2150E333-8FDC-42A3-9474-1A3956D46DE8}") = "Solution Items", "Solution Items", "{687A764D-D805-4185-BA16-7A703A982482}"
	ProjectSection(SolutionItems) = preProject
		CodeGraph.dgml = CodeGraph.dgml
	EndProjectSection
EndProject
Global
	GlobalSection(SolutionConfigurationPlatforms) = preSolution
		Debug|Any CPU = Debug|Any CPU
		Debug|ARM = Debug|ARM
		Debug|ARM64 = Debug|ARM64
		Debug|x64 = Debug|x64
		Debug|x86 = Debug|x86
		Release|Any CPU = Release|Any CPU
		Release|ARM = Release|ARM
		Release|ARM64 = Release|ARM64
		Release|x64 = Release|x64
		Release|x86 = Release|x86
	EndGlobalSection
	GlobalSection(ProjectConfigurationPlatforms) = postSolution
		{CBD051EE-D534-40AC-BE99-4F2FBB69EBC1}.Debug|Any CPU.ActiveCfg = Debug|Any CPU
		{CBD051EE-D534-40AC-BE99-4F2FBB69EBC1}.Debug|Any CPU.Build.0 = Debug|Any CPU
		{CBD051EE-D534-40AC-BE99-4F2FBB69EBC1}.Debug|ARM.ActiveCfg = Debug|Any CPU
		{CBD051EE-D534-40AC-BE99-4F2FBB69EBC1}.Debug|ARM.Build.0 = Debug|Any CPU
		{CBD051EE-D534-40AC-BE99-4F2FBB69EBC1}.Debug|ARM64.ActiveCfg = Debug|Any CPU
		{CBD051EE-D534-40AC-BE99-4F2FBB69EBC1}.Debug|ARM64.Build.0 = Debug|Any CPU
		{CBD051EE-D534-40AC-BE99-4F2FBB69EBC1}.Debug|x64.ActiveCfg = Debug|Any CPU
		{CBD051EE-D534-40AC-BE99-4F2FBB69EBC1}.Debug|x64.Build.0 = Debug|Any CPU
		{CBD051EE-D534-40AC-BE99-4F2FBB69EBC1}.Debug|x86.ActiveCfg = Debug|Any CPU
		{CBD051EE-D534-40AC-BE99-4F2FBB69EBC1}.Debug|x86.Build.0 = Debug|Any CPU
		{CBD051EE-D534-40AC-BE99-4F2FBB69EBC1}.Release|Any CPU.ActiveCfg = Release|Any CPU
		{CBD051EE-D534-40AC-BE99-4F2FBB69EBC1}.Release|Any CPU.Build.0 = Release|Any CPU
		{CBD051EE-D534-40AC-BE99-4F2FBB69EBC1}.Release|ARM.ActiveCfg = Release|Any CPU
		{CBD051EE-D534-40AC-BE99-4F2FBB69EBC1}.Release|ARM.Build.0 = Release|Any CPU
		{CBD051EE-D534-40AC-BE99-4F2FBB69EBC1}.Release|ARM64.ActiveCfg = Release|Any CPU
		{CBD051EE-D534-40AC-BE99-4F2FBB69EBC1}.Release|ARM64.Build.0 = Release|Any CPU
		{CBD051EE-D534-40AC-BE99-4F2FBB69EBC1}.Release|x64.ActiveCfg = Release|Any CPU
		{CBD051EE-D534-40AC-BE99-4F2FBB69EBC1}.Release|x64.Build.0 = Release|Any CPU
		{CBD051EE-D534-40AC-BE99-4F2FBB69EBC1}.Release|x86.ActiveCfg = Release|Any CPU
		{CBD051EE-D534-40AC-BE99-4F2FBB69EBC1}.Release|x86.Build.0 = Release|Any CPU
		{51E673B8-858F-4F82-9FE4-5E58A6BD9784}.Debug|Any CPU.ActiveCfg = Debug|x64
		{51E673B8-858F-4F82-9FE4-5E58A6BD9784}.Debug|Any CPU.Build.0 = Debug|x64
		{51E673B8-858F-4F82-9FE4-5E58A6BD9784}.Debug|Any CPU.Deploy.0 = Debug|x64
		{51E673B8-858F-4F82-9FE4-5E58A6BD9784}.Debug|ARM.ActiveCfg = Debug|ARM
		{51E673B8-858F-4F82-9FE4-5E58A6BD9784}.Debug|ARM.Build.0 = Debug|ARM
		{51E673B8-858F-4F82-9FE4-5E58A6BD9784}.Debug|ARM.Deploy.0 = Debug|ARM
		{51E673B8-858F-4F82-9FE4-5E58A6BD9784}.Debug|ARM64.ActiveCfg = Debug|ARM64
		{51E673B8-858F-4F82-9FE4-5E58A6BD9784}.Debug|ARM64.Build.0 = Debug|ARM64
		{51E673B8-858F-4F82-9FE4-5E58A6BD9784}.Debug|ARM64.Deploy.0 = Debug|ARM64
		{51E673B8-858F-4F82-9FE4-5E58A6BD9784}.Debug|x64.ActiveCfg = Debug|x64
		{51E673B8-858F-4F82-9FE4-5E58A6BD9784}.Debug|x64.Build.0 = Debug|x64
		{51E673B8-858F-4F82-9FE4-5E58A6BD9784}.Debug|x64.Deploy.0 = Debug|x64
		{51E673B8-858F-4F82-9FE4-5E58A6BD9784}.Debug|x86.ActiveCfg = Debug|x86
		{51E673B8-858F-4F82-9FE4-5E58A6BD9784}.Debug|x86.Build.0 = Debug|x86
		{51E673B8-858F-4F82-9FE4-5E58A6BD9784}.Debug|x86.Deploy.0 = Debug|x86
		{51E673B8-858F-4F82-9FE4-5E58A6BD9784}.Release|Any CPU.ActiveCfg = Release|x64
		{51E673B8-858F-4F82-9FE4-5E58A6BD9784}.Release|Any CPU.Build.0 = Release|x64
		{51E673B8-858F-4F82-9FE4-5E58A6BD9784}.Release|Any CPU.Deploy.0 = Release|x64
		{51E673B8-858F-4F82-9FE4-5E58A6BD9784}.Release|ARM.ActiveCfg = Release|ARM
		{51E673B8-858F-4F82-9FE4-5E58A6BD9784}.Release|ARM.Build.0 = Release|ARM
		{51E673B8-858F-4F82-9FE4-5E58A6BD9784}.Release|ARM.Deploy.0 = Release|ARM
		{51E673B8-858F-4F82-9FE4-5E58A6BD9784}.Release|ARM64.ActiveCfg = Release|ARM64
		{51E673B8-858F-4F82-9FE4-5E58A6BD9784}.Release|ARM64.Build.0 = Release|ARM64
		{51E673B8-858F-4F82-9FE4-5E58A6BD9784}.Release|ARM64.Deploy.0 = Release|ARM64
		{51E673B8-858F-4F82-9FE4-5E58A6BD9784}.Release|x64.ActiveCfg = Release|x64
		{51E673B8-858F-4F82-9FE4-5E58A6BD9784}.Release|x64.Build.0 = Release|x64
		{51E673B8-858F-4F82-9FE4-5E58A6BD9784}.Release|x64.Deploy.0 = Release|x64
		{51E673B8-858F-4F82-9FE4-5E58A6BD9784}.Release|x86.ActiveCfg = Release|x86
		{51E673B8-858F-4F82-9FE4-5E58A6BD9784}.Release|x86.Build.0 = Release|x86
		{51E673B8-858F-4F82-9FE4-5E58A6BD9784}.Release|x86.Deploy.0 = Release|x86
		{2F52AF3E-030A-4F1C-A725-EB81DF48FCAB}.Debug|Any CPU.ActiveCfg = Debug|Any CPU
		{2F52AF3E-030A-4F1C-A725-EB81DF48FCAB}.Debug|Any CPU.Build.0 = Debug|Any CPU
		{2F52AF3E-030A-4F1C-A725-EB81DF48FCAB}.Debug|ARM.ActiveCfg = Debug|Any CPU
		{2F52AF3E-030A-4F1C-A725-EB81DF48FCAB}.Debug|ARM.Build.0 = Debug|Any CPU
		{2F52AF3E-030A-4F1C-A725-EB81DF48FCAB}.Debug|ARM64.ActiveCfg = Debug|Any CPU
		{2F52AF3E-030A-4F1C-A725-EB81DF48FCAB}.Debug|ARM64.Build.0 = Debug|Any CPU
		{2F52AF3E-030A-4F1C-A725-EB81DF48FCAB}.Debug|x64.ActiveCfg = Debug|Any CPU
		{2F52AF3E-030A-4F1C-A725-EB81DF48FCAB}.Debug|x64.Build.0 = Debug|Any CPU
		{2F52AF3E-030A-4F1C-A725-EB81DF48FCAB}.Debug|x86.ActiveCfg = Debug|Any CPU
		{2F52AF3E-030A-4F1C-A725-EB81DF48FCAB}.Debug|x86.Build.0 = Debug|Any CPU
		{2F52AF3E-030A-4F1C-A725-EB81DF48FCAB}.Release|Any CPU.ActiveCfg = Release|Any CPU
		{2F52AF3E-030A-4F1C-A725-EB81DF48FCAB}.Release|Any CPU.Build.0 = Release|Any CPU
		{2F52AF3E-030A-4F1C-A725-EB81DF48FCAB}.Release|ARM.ActiveCfg = Release|Any CPU
		{2F52AF3E-030A-4F1C-A725-EB81DF48FCAB}.Release|ARM.Build.0 = Release|Any CPU
		{2F52AF3E-030A-4F1C-A725-EB81DF48FCAB}.Release|ARM64.ActiveCfg = Release|Any CPU
		{2F52AF3E-030A-4F1C-A725-EB81DF48FCAB}.Release|ARM64.Build.0 = Release|Any CPU
		{2F52AF3E-030A-4F1C-A725-EB81DF48FCAB}.Release|x64.ActiveCfg = Release|Any CPU
		{2F52AF3E-030A-4F1C-A725-EB81DF48FCAB}.Release|x64.Build.0 = Release|Any CPU
		{2F52AF3E-030A-4F1C-A725-EB81DF48FCAB}.Release|x86.ActiveCfg = Release|Any CPU
		{2F52AF3E-030A-4F1C-A725-EB81DF48FCAB}.Release|x86.Build.0 = Release|Any CPU
		{27DE8F60-6E97-42C1-A143-E22D47026647}.Debug|Any CPU.ActiveCfg = Debug|Any CPU
		{27DE8F60-6E97-42C1-A143-E22D47026647}.Debug|Any CPU.Build.0 = Debug|Any CPU
		{27DE8F60-6E97-42C1-A143-E22D47026647}.Debug|ARM.ActiveCfg = Debug|Any CPU
		{27DE8F60-6E97-42C1-A143-E22D47026647}.Debug|ARM.Build.0 = Debug|Any CPU
		{27DE8F60-6E97-42C1-A143-E22D47026647}.Debug|ARM64.ActiveCfg = Debug|Any CPU
		{27DE8F60-6E97-42C1-A143-E22D47026647}.Debug|ARM64.Build.0 = Debug|Any CPU
		{27DE8F60-6E97-42C1-A143-E22D47026647}.Debug|x64.ActiveCfg = Debug|Any CPU
		{27DE8F60-6E97-42C1-A143-E22D47026647}.Debug|x64.Build.0 = Debug|Any CPU
		{27DE8F60-6E97-42C1-A143-E22D47026647}.Debug|x86.ActiveCfg = Debug|Any CPU
		{27DE8F60-6E97-42C1-A143-E22D47026647}.Debug|x86.Build.0 = Debug|Any CPU
		{27DE8F60-6E97-42C1-A143-E22D47026647}.Release|Any CPU.ActiveCfg = Release|Any CPU
		{27DE8F60-6E97-42C1-A143-E22D47026647}.Release|Any CPU.Build.0 = Release|Any CPU
		{27DE8F60-6E97-42C1-A143-E22D47026647}.Release|ARM.ActiveCfg = Release|Any CPU
		{27DE8F60-6E97-42C1-A143-E22D47026647}.Release|ARM.Build.0 = Release|Any CPU
		{27DE8F60-6E97-42C1-A143-E22D47026647}.Release|ARM64.ActiveCfg = Release|Any CPU
		{27DE8F60-6E97-42C1-A143-E22D47026647}.Release|ARM64.Build.0 = Release|Any CPU
		{27DE8F60-6E97-42C1-A143-E22D47026647}.Release|x64.ActiveCfg = Release|Any CPU
		{27DE8F60-6E97-42C1-A143-E22D47026647}.Release|x64.Build.0 = Release|Any CPU
		{27DE8F60-6E97-42C1-A143-E22D47026647}.Release|x86.ActiveCfg = Release|Any CPU
		{27DE8F60-6E97-42C1-A143-E22D47026647}.Release|x86.Build.0 = Release|Any CPU
		{C73408C5-FBE6-4591-854C-EFCB67F62FF5}.Debug|Any CPU.ActiveCfg = Debug|Any CPU
		{C73408C5-FBE6-4591-854C-EFCB67F62FF5}.Debug|Any CPU.Build.0 = Debug|Any CPU
		{C73408C5-FBE6-4591-854C-EFCB67F62FF5}.Debug|ARM.ActiveCfg = Debug|Any CPU
		{C73408C5-FBE6-4591-854C-EFCB67F62FF5}.Debug|ARM.Build.0 = Debug|Any CPU
		{C73408C5-FBE6-4591-854C-EFCB67F62FF5}.Debug|ARM64.ActiveCfg = Debug|Any CPU
		{C73408C5-FBE6-4591-854C-EFCB67F62FF5}.Debug|ARM64.Build.0 = Debug|Any CPU
		{C73408C5-FBE6-4591-854C-EFCB67F62FF5}.Debug|x64.ActiveCfg = Debug|Any CPU
		{C73408C5-FBE6-4591-854C-EFCB67F62FF5}.Debug|x64.Build.0 = Debug|Any CPU
		{C73408C5-FBE6-4591-854C-EFCB67F62FF5}.Debug|x86.ActiveCfg = Debug|Any CPU
		{C73408C5-FBE6-4591-854C-EFCB67F62FF5}.Debug|x86.Build.0 = Debug|Any CPU
		{C73408C5-FBE6-4591-854C-EFCB67F62FF5}.Release|Any CPU.ActiveCfg = Release|Any CPU
		{C73408C5-FBE6-4591-854C-EFCB67F62FF5}.Release|Any CPU.Build.0 = Release|Any CPU
		{C73408C5-FBE6-4591-854C-EFCB67F62FF5}.Release|ARM.ActiveCfg = Release|Any CPU
		{C73408C5-FBE6-4591-854C-EFCB67F62FF5}.Release|ARM.Build.0 = Release|Any CPU
		{C73408C5-FBE6-4591-854C-EFCB67F62FF5}.Release|ARM64.ActiveCfg = Release|Any CPU
		{C73408C5-FBE6-4591-854C-EFCB67F62FF5}.Release|ARM64.Build.0 = Release|Any CPU
		{C73408C5-FBE6-4591-854C-EFCB67F62FF5}.Release|x64.ActiveCfg = Release|Any CPU
		{C73408C5-FBE6-4591-854C-EFCB67F62FF5}.Release|x64.Build.0 = Release|Any CPU
		{C73408C5-FBE6-4591-854C-EFCB67F62FF5}.Release|x86.ActiveCfg = Release|Any CPU
		{C73408C5-FBE6-4591-854C-EFCB67F62FF5}.Release|x86.Build.0 = Release|Any CPU
		{34873075-5EBC-4B9E-A816-5AAFC9B01585}.Debug|Any CPU.ActiveCfg = Debug|Any CPU
		{34873075-5EBC-4B9E-A816-5AAFC9B01585}.Debug|Any CPU.Build.0 = Debug|Any CPU
		{34873075-5EBC-4B9E-A816-5AAFC9B01585}.Debug|ARM.ActiveCfg = Debug|Any CPU
		{34873075-5EBC-4B9E-A816-5AAFC9B01585}.Debug|ARM.Build.0 = Debug|Any CPU
		{34873075-5EBC-4B9E-A816-5AAFC9B01585}.Debug|ARM64.ActiveCfg = Debug|Any CPU
		{34873075-5EBC-4B9E-A816-5AAFC9B01585}.Debug|ARM64.Build.0 = Debug|Any CPU
		{34873075-5EBC-4B9E-A816-5AAFC9B01585}.Debug|x64.ActiveCfg = Debug|Any CPU
		{34873075-5EBC-4B9E-A816-5AAFC9B01585}.Debug|x64.Build.0 = Debug|Any CPU
		{34873075-5EBC-4B9E-A816-5AAFC9B01585}.Debug|x86.ActiveCfg = Debug|Any CPU
		{34873075-5EBC-4B9E-A816-5AAFC9B01585}.Debug|x86.Build.0 = Debug|Any CPU
		{34873075-5EBC-4B9E-A816-5AAFC9B01585}.Release|Any CPU.ActiveCfg = Release|Any CPU
		{34873075-5EBC-4B9E-A816-5AAFC9B01585}.Release|Any CPU.Build.0 = Release|Any CPU
		{34873075-5EBC-4B9E-A816-5AAFC9B01585}.Release|ARM.ActiveCfg = Release|Any CPU
		{34873075-5EBC-4B9E-A816-5AAFC9B01585}.Release|ARM.Build.0 = Release|Any CPU
		{34873075-5EBC-4B9E-A816-5AAFC9B01585}.Release|ARM64.ActiveCfg = Release|Any CPU
		{34873075-5EBC-4B9E-A816-5AAFC9B01585}.Release|ARM64.Build.0 = Release|Any CPU
		{34873075-5EBC-4B9E-A816-5AAFC9B01585}.Release|x64.ActiveCfg = Release|Any CPU
		{34873075-5EBC-4B9E-A816-5AAFC9B01585}.Release|x64.Build.0 = Release|Any CPU
		{34873075-5EBC-4B9E-A816-5AAFC9B01585}.Release|x86.ActiveCfg = Release|Any CPU
		{34873075-5EBC-4B9E-A816-5AAFC9B01585}.Release|x86.Build.0 = Release|Any CPU
		{B7C00415-55C7-4E6E-B1DA-A1115E4441F0}.Debug|Any CPU.ActiveCfg = Debug|Any CPU
		{B7C00415-55C7-4E6E-B1DA-A1115E4441F0}.Debug|Any CPU.Build.0 = Debug|Any CPU
		{B7C00415-55C7-4E6E-B1DA-A1115E4441F0}.Debug|ARM.ActiveCfg = Debug|Any CPU
		{B7C00415-55C7-4E6E-B1DA-A1115E4441F0}.Debug|ARM.Build.0 = Debug|Any CPU
		{B7C00415-55C7-4E6E-B1DA-A1115E4441F0}.Debug|ARM64.ActiveCfg = Debug|Any CPU
		{B7C00415-55C7-4E6E-B1DA-A1115E4441F0}.Debug|ARM64.Build.0 = Debug|Any CPU
		{B7C00415-55C7-4E6E-B1DA-A1115E4441F0}.Debug|x64.ActiveCfg = Debug|Any CPU
		{B7C00415-55C7-4E6E-B1DA-A1115E4441F0}.Debug|x64.Build.0 = Debug|Any CPU
		{B7C00415-55C7-4E6E-B1DA-A1115E4441F0}.Debug|x86.ActiveCfg = Debug|Any CPU
		{B7C00415-55C7-4E6E-B1DA-A1115E4441F0}.Debug|x86.Build.0 = Debug|Any CPU
		{B7C00415-55C7-4E6E-B1DA-A1115E4441F0}.Release|Any CPU.ActiveCfg = Release|Any CPU
		{B7C00415-55C7-4E6E-B1DA-A1115E4441F0}.Release|Any CPU.Build.0 = Release|Any CPU
		{B7C00415-55C7-4E6E-B1DA-A1115E4441F0}.Release|ARM.ActiveCfg = Release|Any CPU
		{B7C00415-55C7-4E6E-B1DA-A1115E4441F0}.Release|ARM.Build.0 = Release|Any CPU
		{B7C00415-55C7-4E6E-B1DA-A1115E4441F0}.Release|ARM64.ActiveCfg = Release|Any CPU
		{B7C00415-55C7-4E6E-B1DA-A1115E4441F0}.Release|ARM64.Build.0 = Release|Any CPU
		{B7C00415-55C7-4E6E-B1DA-A1115E4441F0}.Release|x64.ActiveCfg = Release|Any CPU
		{B7C00415-55C7-4E6E-B1DA-A1115E4441F0}.Release|x64.Build.0 = Release|Any CPU
		{B7C00415-55C7-4E6E-B1DA-A1115E4441F0}.Release|x86.ActiveCfg = Release|Any CPU
		{B7C00415-55C7-4E6E-B1DA-A1115E4441F0}.Release|x86.Build.0 = Release|Any CPU
	EndGlobalSection
	GlobalSection(SolutionProperties) = preSolution
		HideSolutionNode = FALSE
	EndGlobalSection
	GlobalSection(NestedProjects) = preSolution
		{CBD051EE-D534-40AC-BE99-4F2FBB69EBC1} = {3263BF65-CD88-4DAF-A8B1-0C4038B592AF}
		{51E673B8-858F-4F82-9FE4-5E58A6BD9784} = {3263BF65-CD88-4DAF-A8B1-0C4038B592AF}
		{2F52AF3E-030A-4F1C-A725-EB81DF48FCAB} = {3263BF65-CD88-4DAF-A8B1-0C4038B592AF}
		{27DE8F60-6E97-42C1-A143-E22D47026647} = {3263BF65-CD88-4DAF-A8B1-0C4038B592AF}
		{C73408C5-FBE6-4591-854C-EFCB67F62FF5} = {3263BF65-CD88-4DAF-A8B1-0C4038B592AF}
		{34873075-5EBC-4B9E-A816-5AAFC9B01585} = {3263BF65-CD88-4DAF-A8B1-0C4038B592AF}
	EndGlobalSection
	GlobalSection(ExtensibilityGlobals) = postSolution
		SolutionGuid = {C87B7E1C-3D01-4D56-A259-F94BA5FC1349}
	EndGlobalSection
	GlobalSection(SharedMSBuildProjectFiles) = preSolution
		MoneySaver\MoneySaver.Shared\MoneySaver.Shared.projitems*{2f52af3e-030a-4f1c-a725-eb81df48fcab}*SharedItemsImports = 5
		MoneySaver\MoneySaver.Shared\MoneySaver.Shared.projitems*{34873075-5ebc-4b9e-a816-5aafc9b01585}*SharedItemsImports = 5
		MoneySaver\MoneySaver.Shared\MoneySaver.Shared.projitems*{6279c845-92f8-4333-ab99-3d213163593c}*SharedItemsImports = 13
		MoneySaver\MoneySaver.Shared\MoneySaver.Shared.projitems*{c73408c5-fbe6-4591-854c-efcb67f62ff5}*SharedItemsImports = 5
		MoneySaver\MoneySaver.Shared\MoneySaver.Shared.projitems*{cbd051ee-d534-40ac-be99-4f2fbb69ebc1}*SharedItemsImports = 5
	EndGlobalSection
EndGlobal
