
Microsoft Visual Studio Solution File, Format Version 12.00
# Visual Studio Version 17
VisualStudioVersion = 17.2.32505.173
MinimumVisualStudioVersion = 10.0.40219.1
Project("{9A19103F-16F7-4668-BE54-9A1E7A4F7556}") = "WebApi", "WebApi\WebApi.csproj", "{B7C00415-55C7-4E6E-B1DA-A1115E4441F0}"
EndProject
Project("{D954291E-2A0B-460D-934E-DC6B0785DB48}") = "Apps.Shared", "Apps\Apps.Shared\Apps.Shared.shproj", "{6279C845-92F8-4333-AB99-3D213163593C}"
EndProject
Project("{2150E333-8FDC-42A3-9474-1A3956D46DE8}") = "Platforms", "Platforms", "{9DB1AE26-ED27-40EF-979C-E2AEEC8333B9}"
EndProject
Project("{9A19103F-16F7-4668-BE54-9A1E7A4F7556}") = "Apps.Wasm", "Apps\Apps.Wasm\Apps.Wasm.csproj", "{3B3307A7-C379-4231-81F5-2F715C82E46F}"
EndProject
Project("{9A19103F-16F7-4668-BE54-9A1E7A4F7556}") = "Apps.Mobile", "Apps\Apps.Mobile\Apps.Mobile.csproj", "{E79628FF-C79A-46CA-8D61-97D84F19AC91}"
EndProject
Project("{9A19103F-16F7-4668-BE54-9A1E7A4F7556}") = "Apps.Skia.Gtk", "Apps\Apps.Skia.Gtk\Apps.Skia.Gtk.csproj", "{806D1A76-4A49-4FCB-85FD-5CD80E258925}"
EndProject
Project("{9A19103F-16F7-4668-BE54-9A1E7A4F7556}") = "Apps.Windows", "Apps\Apps.Windows\Apps.Windows.csproj", "{E063368B-B08C-4ACB-8025-10E550ACB531}"
EndProject
Project("{9A19103F-16F7-4668-BE54-9A1E7A4F7556}") = "ApiConnector", "ApiConnector\ApiConnector.csproj", "{33CE0892-8942-4FF0-8CAD-87BDB670023F}"
EndProject
Project("{FAE04EC0-301F-11D3-BF4B-00C04F79EFBC}") = "Models", "Models\Models.csproj", "{C1A3DDE3-D54F-409D-BA10-8B6B60168B86}"
EndProject
Global
	GlobalSection(SolutionConfigurationPlatforms) = preSolution
		Debug|Any CPU = Debug|Any CPU
		Debug|ARM = Debug|ARM
		Debug|ARM64 = Debug|ARM64
		Debug|x64 = Debug|x64
		Debug|x86 = Debug|x86
		Release|Any CPU = Release|Any CPU
		Release|ARM = Release|ARM
		Release|ARM64 = Release|ARM64
		Release|x64 = Release|x64
		Release|x86 = Release|x86
	EndGlobalSection
	GlobalSection(ProjectConfigurationPlatforms) = postSolution
		{B7C00415-55C7-4E6E-B1DA-A1115E4441F0}.Debug|Any CPU.ActiveCfg = Debug|Any CPU
		{B7C00415-55C7-4E6E-B1DA-A1115E4441F0}.Debug|Any CPU.Build.0 = Debug|Any CPU
		{B7C00415-55C7-4E6E-B1DA-A1115E4441F0}.Debug|ARM.ActiveCfg = Debug|Any CPU
		{B7C00415-55C7-4E6E-B1DA-A1115E4441F0}.Debug|ARM.Build.0 = Debug|Any CPU
		{B7C00415-55C7-4E6E-B1DA-A1115E4441F0}.Debug|ARM64.ActiveCfg = Debug|Any CPU
		{B7C00415-55C7-4E6E-B1DA-A1115E4441F0}.Debug|ARM64.Build.0 = Debug|Any CPU
		{B7C00415-55C7-4E6E-B1DA-A1115E4441F0}.Debug|x64.ActiveCfg = Debug|Any CPU
		{B7C00415-55C7-4E6E-B1DA-A1115E4441F0}.Debug|x64.Build.0 = Debug|Any CPU
		{B7C00415-55C7-4E6E-B1DA-A1115E4441F0}.Debug|x86.ActiveCfg = Debug|Any CPU
		{B7C00415-55C7-4E6E-B1DA-A1115E4441F0}.Debug|x86.Build.0 = Debug|Any CPU
		{B7C00415-55C7-4E6E-B1DA-A1115E4441F0}.Release|Any CPU.ActiveCfg = Release|Any CPU
		{B7C00415-55C7-4E6E-B1DA-A1115E4441F0}.Release|Any CPU.Build.0 = Release|Any CPU
		{B7C00415-55C7-4E6E-B1DA-A1115E4441F0}.Release|ARM.ActiveCfg = Release|Any CPU
		{B7C00415-55C7-4E6E-B1DA-A1115E4441F0}.Release|ARM.Build.0 = Release|Any CPU
		{B7C00415-55C7-4E6E-B1DA-A1115E4441F0}.Release|ARM64.ActiveCfg = Release|Any CPU
		{B7C00415-55C7-4E6E-B1DA-A1115E4441F0}.Release|ARM64.Build.0 = Release|Any CPU
		{B7C00415-55C7-4E6E-B1DA-A1115E4441F0}.Release|x64.ActiveCfg = Release|Any CPU
		{B7C00415-55C7-4E6E-B1DA-A1115E4441F0}.Release|x64.Build.0 = Release|Any CPU
		{B7C00415-55C7-4E6E-B1DA-A1115E4441F0}.Release|x86.ActiveCfg = Release|Any CPU
		{B7C00415-55C7-4E6E-B1DA-A1115E4441F0}.Release|x86.Build.0 = Release|Any CPU
		{6279C845-92F8-4333-AB99-3D213163593C}.Debug|Any CPU.ActiveCfg = Debug|Any CPU
		{6279C845-92F8-4333-AB99-3D213163593C}.Debug|ARM.ActiveCfg = Debug|Any CPU
		{6279C845-92F8-4333-AB99-3D213163593C}.Debug|ARM64.ActiveCfg = Debug|Any CPU
		{6279C845-92F8-4333-AB99-3D213163593C}.Debug|x64.ActiveCfg = Debug|Any CPU
		{6279C845-92F8-4333-AB99-3D213163593C}.Debug|x86.ActiveCfg = Debug|Any CPU
		{6279C845-92F8-4333-AB99-3D213163593C}.Release|Any CPU.ActiveCfg = Release|Any CPU
		{6279C845-92F8-4333-AB99-3D213163593C}.Release|ARM.ActiveCfg = Release|Any CPU
		{6279C845-92F8-4333-AB99-3D213163593C}.Release|ARM64.ActiveCfg = Release|Any CPU
		{6279C845-92F8-4333-AB99-3D213163593C}.Release|x64.ActiveCfg = Release|Any CPU
		{6279C845-92F8-4333-AB99-3D213163593C}.Release|x86.ActiveCfg = Release|Any CPU
		{3B3307A7-C379-4231-81F5-2F715C82E46F}.Debug|Any CPU.ActiveCfg = Debug|Any CPU
		{3B3307A7-C379-4231-81F5-2F715C82E46F}.Debug|Any CPU.Build.0 = Debug|Any CPU
		{3B3307A7-C379-4231-81F5-2F715C82E46F}.Debug|ARM.ActiveCfg = Debug|Any CPU
		{3B3307A7-C379-4231-81F5-2F715C82E46F}.Debug|ARM.Build.0 = Debug|Any CPU
		{3B3307A7-C379-4231-81F5-2F715C82E46F}.Debug|ARM64.ActiveCfg = Debug|Any CPU
		{3B3307A7-C379-4231-81F5-2F715C82E46F}.Debug|ARM64.Build.0 = Debug|Any CPU
		{3B3307A7-C379-4231-81F5-2F715C82E46F}.Debug|x64.ActiveCfg = Debug|Any CPU
		{3B3307A7-C379-4231-81F5-2F715C82E46F}.Debug|x64.Build.0 = Debug|Any CPU
		{3B3307A7-C379-4231-81F5-2F715C82E46F}.Debug|x86.ActiveCfg = Debug|Any CPU
		{3B3307A7-C379-4231-81F5-2F715C82E46F}.Debug|x86.Build.0 = Debug|Any CPU
		{3B3307A7-C379-4231-81F5-2F715C82E46F}.Release|Any CPU.ActiveCfg = Release|Any CPU
		{3B3307A7-C379-4231-81F5-2F715C82E46F}.Release|Any CPU.Build.0 = Release|Any CPU
		{3B3307A7-C379-4231-81F5-2F715C82E46F}.Release|ARM.ActiveCfg = Release|Any CPU
		{3B3307A7-C379-4231-81F5-2F715C82E46F}.Release|ARM.Build.0 = Release|Any CPU
		{3B3307A7-C379-4231-81F5-2F715C82E46F}.Release|ARM64.ActiveCfg = Release|Any CPU
		{3B3307A7-C379-4231-81F5-2F715C82E46F}.Release|ARM64.Build.0 = Release|Any CPU
		{3B3307A7-C379-4231-81F5-2F715C82E46F}.Release|x64.ActiveCfg = Release|Any CPU
		{3B3307A7-C379-4231-81F5-2F715C82E46F}.Release|x64.Build.0 = Release|Any CPU
		{3B3307A7-C379-4231-81F5-2F715C82E46F}.Release|x86.ActiveCfg = Release|Any CPU
		{3B3307A7-C379-4231-81F5-2F715C82E46F}.Release|x86.Build.0 = Release|Any CPU
		{E79628FF-C79A-46CA-8D61-97D84F19AC91}.Debug|Any CPU.ActiveCfg = Debug|Any CPU
		{E79628FF-C79A-46CA-8D61-97D84F19AC91}.Debug|Any CPU.Build.0 = Debug|Any CPU
		{E79628FF-C79A-46CA-8D61-97D84F19AC91}.Debug|Any CPU.Deploy.0 = Debug|Any CPU
		{E79628FF-C79A-46CA-8D61-97D84F19AC91}.Debug|ARM.ActiveCfg = Debug|Any CPU
		{E79628FF-C79A-46CA-8D61-97D84F19AC91}.Debug|ARM.Build.0 = Debug|Any CPU
		{E79628FF-C79A-46CA-8D61-97D84F19AC91}.Debug|ARM.Deploy.0 = Debug|Any CPU
		{E79628FF-C79A-46CA-8D61-97D84F19AC91}.Debug|ARM64.ActiveCfg = Debug|Any CPU
		{E79628FF-C79A-46CA-8D61-97D84F19AC91}.Debug|ARM64.Build.0 = Debug|Any CPU
		{E79628FF-C79A-46CA-8D61-97D84F19AC91}.Debug|ARM64.Deploy.0 = Debug|Any CPU
		{E79628FF-C79A-46CA-8D61-97D84F19AC91}.Debug|x64.ActiveCfg = Debug|Any CPU
		{E79628FF-C79A-46CA-8D61-97D84F19AC91}.Debug|x64.Build.0 = Debug|Any CPU
		{E79628FF-C79A-46CA-8D61-97D84F19AC91}.Debug|x64.Deploy.0 = Debug|Any CPU
		{E79628FF-C79A-46CA-8D61-97D84F19AC91}.Debug|x86.ActiveCfg = Debug|Any CPU
		{E79628FF-C79A-46CA-8D61-97D84F19AC91}.Debug|x86.Build.0 = Debug|Any CPU
		{E79628FF-C79A-46CA-8D61-97D84F19AC91}.Debug|x86.Deploy.0 = Debug|Any CPU
		{E79628FF-C79A-46CA-8D61-97D84F19AC91}.Release|Any CPU.ActiveCfg = Release|Any CPU
		{E79628FF-C79A-46CA-8D61-97D84F19AC91}.Release|Any CPU.Build.0 = Release|Any CPU
		{E79628FF-C79A-46CA-8D61-97D84F19AC91}.Release|Any CPU.Deploy.0 = Release|Any CPU
		{E79628FF-C79A-46CA-8D61-97D84F19AC91}.Release|ARM.ActiveCfg = Release|Any CPU
		{E79628FF-C79A-46CA-8D61-97D84F19AC91}.Release|ARM.Build.0 = Release|Any CPU
		{E79628FF-C79A-46CA-8D61-97D84F19AC91}.Release|ARM.Deploy.0 = Release|Any CPU
		{E79628FF-C79A-46CA-8D61-97D84F19AC91}.Release|ARM64.ActiveCfg = Release|Any CPU
		{E79628FF-C79A-46CA-8D61-97D84F19AC91}.Release|ARM64.Build.0 = Release|Any CPU
		{E79628FF-C79A-46CA-8D61-97D84F19AC91}.Release|ARM64.Deploy.0 = Release|Any CPU
		{E79628FF-C79A-46CA-8D61-97D84F19AC91}.Release|x64.ActiveCfg = Release|Any CPU
		{E79628FF-C79A-46CA-8D61-97D84F19AC91}.Release|x64.Build.0 = Release|Any CPU
		{E79628FF-C79A-46CA-8D61-97D84F19AC91}.Release|x64.Deploy.0 = Release|Any CPU
		{E79628FF-C79A-46CA-8D61-97D84F19AC91}.Release|x86.ActiveCfg = Release|Any CPU
		{E79628FF-C79A-46CA-8D61-97D84F19AC91}.Release|x86.Build.0 = Release|Any CPU
		{E79628FF-C79A-46CA-8D61-97D84F19AC91}.Release|x86.Deploy.0 = Release|Any CPU
		{806D1A76-4A49-4FCB-85FD-5CD80E258925}.Debug|Any CPU.ActiveCfg = Debug|Any CPU
		{806D1A76-4A49-4FCB-85FD-5CD80E258925}.Debug|Any CPU.Build.0 = Debug|Any CPU
		{806D1A76-4A49-4FCB-85FD-5CD80E258925}.Debug|ARM.ActiveCfg = Debug|Any CPU
		{806D1A76-4A49-4FCB-85FD-5CD80E258925}.Debug|ARM.Build.0 = Debug|Any CPU
		{806D1A76-4A49-4FCB-85FD-5CD80E258925}.Debug|ARM64.ActiveCfg = Debug|Any CPU
		{806D1A76-4A49-4FCB-85FD-5CD80E258925}.Debug|ARM64.Build.0 = Debug|Any CPU
		{806D1A76-4A49-4FCB-85FD-5CD80E258925}.Debug|x64.ActiveCfg = Debug|Any CPU
		{806D1A76-4A49-4FCB-85FD-5CD80E258925}.Debug|x64.Build.0 = Debug|Any CPU
		{806D1A76-4A49-4FCB-85FD-5CD80E258925}.Debug|x86.ActiveCfg = Debug|Any CPU
		{806D1A76-4A49-4FCB-85FD-5CD80E258925}.Debug|x86.Build.0 = Debug|Any CPU
		{806D1A76-4A49-4FCB-85FD-5CD80E258925}.Release|Any CPU.ActiveCfg = Release|Any CPU
		{806D1A76-4A49-4FCB-85FD-5CD80E258925}.Release|Any CPU.Build.0 = Release|Any CPU
		{806D1A76-4A49-4FCB-85FD-5CD80E258925}.Release|ARM.ActiveCfg = Release|Any CPU
		{806D1A76-4A49-4FCB-85FD-5CD80E258925}.Release|ARM.Build.0 = Release|Any CPU
		{806D1A76-4A49-4FCB-85FD-5CD80E258925}.Release|ARM64.ActiveCfg = Release|Any CPU
		{806D1A76-4A49-4FCB-85FD-5CD80E258925}.Release|ARM64.Build.0 = Release|Any CPU
		{806D1A76-4A49-4FCB-85FD-5CD80E258925}.Release|x64.ActiveCfg = Release|Any CPU
		{806D1A76-4A49-4FCB-85FD-5CD80E258925}.Release|x64.Build.0 = Release|Any CPU
		{806D1A76-4A49-4FCB-85FD-5CD80E258925}.Release|x86.ActiveCfg = Release|Any CPU
		{806D1A76-4A49-4FCB-85FD-5CD80E258925}.Release|x86.Build.0 = Release|Any CPU
		{E063368B-B08C-4ACB-8025-10E550ACB531}.Debug|Any CPU.ActiveCfg = Debug|x64
		{E063368B-B08C-4ACB-8025-10E550ACB531}.Debug|Any CPU.Build.0 = Debug|x64
		{E063368B-B08C-4ACB-8025-10E550ACB531}.Debug|Any CPU.Deploy.0 = Debug|x64
		{E063368B-B08C-4ACB-8025-10E550ACB531}.Debug|ARM.ActiveCfg = Debug|x64
		{E063368B-B08C-4ACB-8025-10E550ACB531}.Debug|ARM.Build.0 = Debug|x64
		{E063368B-B08C-4ACB-8025-10E550ACB531}.Debug|ARM.Deploy.0 = Debug|x64
		{E063368B-B08C-4ACB-8025-10E550ACB531}.Debug|ARM64.ActiveCfg = Debug|arm64
		{E063368B-B08C-4ACB-8025-10E550ACB531}.Debug|ARM64.Build.0 = Debug|arm64
		{E063368B-B08C-4ACB-8025-10E550ACB531}.Debug|ARM64.Deploy.0 = Debug|arm64
		{E063368B-B08C-4ACB-8025-10E550ACB531}.Debug|x64.ActiveCfg = Debug|x64
		{E063368B-B08C-4ACB-8025-10E550ACB531}.Debug|x64.Build.0 = Debug|x64
		{E063368B-B08C-4ACB-8025-10E550ACB531}.Debug|x64.Deploy.0 = Debug|x64
		{E063368B-B08C-4ACB-8025-10E550ACB531}.Debug|x86.ActiveCfg = Debug|x64
		{E063368B-B08C-4ACB-8025-10E550ACB531}.Debug|x86.Build.0 = Debug|x64
		{E063368B-B08C-4ACB-8025-10E550ACB531}.Debug|x86.Deploy.0 = Debug|x64
		{E063368B-B08C-4ACB-8025-10E550ACB531}.Release|Any CPU.ActiveCfg = Release|x64
		{E063368B-B08C-4ACB-8025-10E550ACB531}.Release|Any CPU.Build.0 = Release|x64
		{E063368B-B08C-4ACB-8025-10E550ACB531}.Release|Any CPU.Deploy.0 = Release|x64
		{E063368B-B08C-4ACB-8025-10E550ACB531}.Release|ARM.ActiveCfg = Release|x64
		{E063368B-B08C-4ACB-8025-10E550ACB531}.Release|ARM.Build.0 = Release|x64
		{E063368B-B08C-4ACB-8025-10E550ACB531}.Release|ARM.Deploy.0 = Release|x64
		{E063368B-B08C-4ACB-8025-10E550ACB531}.Release|ARM64.ActiveCfg = Release|arm64
		{E063368B-B08C-4ACB-8025-10E550ACB531}.Release|ARM64.Build.0 = Release|arm64
		{E063368B-B08C-4ACB-8025-10E550ACB531}.Release|ARM64.Deploy.0 = Release|arm64
		{E063368B-B08C-4ACB-8025-10E550ACB531}.Release|x64.ActiveCfg = Release|x64
		{E063368B-B08C-4ACB-8025-10E550ACB531}.Release|x64.Build.0 = Release|x64
		{E063368B-B08C-4ACB-8025-10E550ACB531}.Release|x64.Deploy.0 = Release|x64
		{E063368B-B08C-4ACB-8025-10E550ACB531}.Release|x86.ActiveCfg = Release|x86
		{E063368B-B08C-4ACB-8025-10E550ACB531}.Release|x86.Build.0 = Release|x86
		{E063368B-B08C-4ACB-8025-10E550ACB531}.Release|x86.Deploy.0 = Release|x86
		{33CE0892-8942-4FF0-8CAD-87BDB670023F}.Debug|Any CPU.ActiveCfg = Debug|Any CPU
		{33CE0892-8942-4FF0-8CAD-87BDB670023F}.Debug|Any CPU.Build.0 = Debug|Any CPU
		{33CE0892-8942-4FF0-8CAD-87BDB670023F}.Debug|ARM.ActiveCfg = Debug|Any CPU
		{33CE0892-8942-4FF0-8CAD-87BDB670023F}.Debug|ARM.Build.0 = Debug|Any CPU
		{33CE0892-8942-4FF0-8CAD-87BDB670023F}.Debug|ARM64.ActiveCfg = Debug|Any CPU
		{33CE0892-8942-4FF0-8CAD-87BDB670023F}.Debug|ARM64.Build.0 = Debug|Any CPU
		{33CE0892-8942-4FF0-8CAD-87BDB670023F}.Debug|x64.ActiveCfg = Debug|Any CPU
		{33CE0892-8942-4FF0-8CAD-87BDB670023F}.Debug|x64.Build.0 = Debug|Any CPU
		{33CE0892-8942-4FF0-8CAD-87BDB670023F}.Debug|x86.ActiveCfg = Debug|Any CPU
		{33CE0892-8942-4FF0-8CAD-87BDB670023F}.Debug|x86.Build.0 = Debug|Any CPU
		{33CE0892-8942-4FF0-8CAD-87BDB670023F}.Release|Any CPU.ActiveCfg = Release|Any CPU
		{33CE0892-8942-4FF0-8CAD-87BDB670023F}.Release|Any CPU.Build.0 = Release|Any CPU
		{33CE0892-8942-4FF0-8CAD-87BDB670023F}.Release|ARM.ActiveCfg = Release|Any CPU
		{33CE0892-8942-4FF0-8CAD-87BDB670023F}.Release|ARM.Build.0 = Release|Any CPU
		{33CE0892-8942-4FF0-8CAD-87BDB670023F}.Release|ARM64.ActiveCfg = Release|Any CPU
		{33CE0892-8942-4FF0-8CAD-87BDB670023F}.Release|ARM64.Build.0 = Release|Any CPU
		{33CE0892-8942-4FF0-8CAD-87BDB670023F}.Release|x64.ActiveCfg = Release|Any CPU
		{33CE0892-8942-4FF0-8CAD-87BDB670023F}.Release|x64.Build.0 = Release|Any CPU
		{33CE0892-8942-4FF0-8CAD-87BDB670023F}.Release|x86.ActiveCfg = Release|Any CPU
		{33CE0892-8942-4FF0-8CAD-87BDB670023F}.Release|x86.Build.0 = Release|Any CPU
		{C1A3DDE3-D54F-409D-BA10-8B6B60168B86}.Debug|Any CPU.ActiveCfg = Debug|Any CPU
		{C1A3DDE3-D54F-409D-BA10-8B6B60168B86}.Debug|Any CPU.Build.0 = Debug|Any CPU
		{C1A3DDE3-D54F-409D-BA10-8B6B60168B86}.Debug|ARM.ActiveCfg = Debug|Any CPU
		{C1A3DDE3-D54F-409D-BA10-8B6B60168B86}.Debug|ARM.Build.0 = Debug|Any CPU
		{C1A3DDE3-D54F-409D-BA10-8B6B60168B86}.Debug|ARM64.ActiveCfg = Debug|Any CPU
		{C1A3DDE3-D54F-409D-BA10-8B6B60168B86}.Debug|ARM64.Build.0 = Debug|Any CPU
		{C1A3DDE3-D54F-409D-BA10-8B6B60168B86}.Debug|x64.ActiveCfg = Debug|Any CPU
		{C1A3DDE3-D54F-409D-BA10-8B6B60168B86}.Debug|x64.Build.0 = Debug|Any CPU
		{C1A3DDE3-D54F-409D-BA10-8B6B60168B86}.Debug|x86.ActiveCfg = Debug|Any CPU
		{C1A3DDE3-D54F-409D-BA10-8B6B60168B86}.Debug|x86.Build.0 = Debug|Any CPU
		{C1A3DDE3-D54F-409D-BA10-8B6B60168B86}.Release|Any CPU.ActiveCfg = Release|Any CPU
		{C1A3DDE3-D54F-409D-BA10-8B6B60168B86}.Release|Any CPU.Build.0 = Release|Any CPU
		{C1A3DDE3-D54F-409D-BA10-8B6B60168B86}.Release|ARM.ActiveCfg = Release|Any CPU
		{C1A3DDE3-D54F-409D-BA10-8B6B60168B86}.Release|ARM.Build.0 = Release|Any CPU
		{C1A3DDE3-D54F-409D-BA10-8B6B60168B86}.Release|ARM64.ActiveCfg = Release|Any CPU
		{C1A3DDE3-D54F-409D-BA10-8B6B60168B86}.Release|ARM64.Build.0 = Release|Any CPU
		{C1A3DDE3-D54F-409D-BA10-8B6B60168B86}.Release|x64.ActiveCfg = Release|Any CPU
		{C1A3DDE3-D54F-409D-BA10-8B6B60168B86}.Release|x64.Build.0 = Release|Any CPU
		{C1A3DDE3-D54F-409D-BA10-8B6B60168B86}.Release|x86.ActiveCfg = Release|Any CPU
		{C1A3DDE3-D54F-409D-BA10-8B6B60168B86}.Release|x86.Build.0 = Release|Any CPU
	EndGlobalSection
	GlobalSection(SolutionProperties) = preSolution
		HideSolutionNode = FALSE
	EndGlobalSection
	GlobalSection(NestedProjects) = preSolution
		{3B3307A7-C379-4231-81F5-2F715C82E46F} = {9DB1AE26-ED27-40EF-979C-E2AEEC8333B9}
		{E79628FF-C79A-46CA-8D61-97D84F19AC91} = {9DB1AE26-ED27-40EF-979C-E2AEEC8333B9}
		{806D1A76-4A49-4FCB-85FD-5CD80E258925} = {9DB1AE26-ED27-40EF-979C-E2AEEC8333B9}
		{E063368B-B08C-4ACB-8025-10E550ACB531} = {9DB1AE26-ED27-40EF-979C-E2AEEC8333B9}
	EndGlobalSection
	GlobalSection(ExtensibilityGlobals) = postSolution
		SolutionGuid = {C87B7E1C-3D01-4D56-A259-F94BA5FC1349}
	EndGlobalSection
	GlobalSection(SharedMSBuildProjectFiles) = preSolution
		Apps\Apps.Shared\Apps.Shared.projitems*{3b3307a7-c379-4231-81f5-2f715c82e46f}*SharedItemsImports = 5
		Apps\Apps.Shared\Apps.Shared.projitems*{6279c845-92f8-4333-ab99-3d213163593c}*SharedItemsImports = 13
		Apps\Apps.Shared\Apps.Shared.projitems*{806d1a76-4a49-4fcb-85fd-5cd80e258925}*SharedItemsImports = 5
		Apps\Apps.Shared\Apps.Shared.projitems*{e063368b-b08c-4acb-8025-10e550acb531}*SharedItemsImports = 5
		Apps\Apps.Shared\Apps.Shared.projitems*{e79628ff-c79a-46ca-8d61-97d84f19ac91}*SharedItemsImports = 5
	EndGlobalSection
EndGlobal
